{
  "name": "test",
  "version": "1.0.0",
  "lockfileVersion": 3,
  "requires": true,
  "packages": {
    "": {
      "name": "test",
      "version": "1.0.0",
      "license": "ISC",
      "dependencies": {
        "@speed-highlight/core": "file:../.."
      }
    },
    "../..": {
      "version": "1.2.4",
      "license": "CC0-1.0",
      "devDependencies": {
        "@semantic-release/git": "^10.0.1",
        "semantic-release": "^21.0.7",
        "typescript": "^5.3.3"
      }
    },
    "node_modules/@speed-highlight/core": {
      "resolved": "../..",
      "link": true
    }
  }
}
